
Microsoft Visual Studio Solution File, Format Version 12.00
# Visual Studio Version 17
VisualStudioVersion = 17.10.34818.151
MinimumVisualStudioVersion = 10.0.40219.1
Project("{9A19103F-16F7-4668-BE54-9A1E7A4F7556}") = "PostgreSQL-Study", "PostgreSQL-Study\PostgreSQL-Study.csproj", "{FAFD0330-8FD9-448F-9E07-C1A7AE0B48C3}"
EndProject
Global
	GlobalSection(SolutionConfigurationPlatforms) = preSolution
		Debug|Any CPU = Debug|Any CPU
		Release|Any CPU = Release|Any CPU
	EndGlobalSection
	GlobalSection(ProjectConfigurationPlatforms) = postSolution
		{FAFD0330-8FD9-448F-9E07-C1A7AE0B48C3}.Debug|Any CPU.ActiveCfg = Debug|Any CPU
		{FAFD0330-8FD9-448F-9E07-C1A7AE0B48C3}.Debug|Any CPU.Build.0 = Debug|Any CPU
		{FAFD0330-8FD9-448F-9E07-C1A7AE0B48C3}.Release|Any CPU.ActiveCfg = Release|Any CPU
		{FAFD0330-8FD9-448F-9E07-C1A7AE0B48C3}.Release|Any CPU.Build.0 = Release|Any CPU
	EndGlobalSection
	GlobalSection(SolutionProperties) = preSolution
		HideSolutionNode = FALSE
	EndGlobalSection
	GlobalSection(ExtensibilityGlobals) = postSolution
		SolutionGuid = {9B04FA93-7887-410A-B360-BEADBB53B4FE}
	EndGlobalSection
EndGlobal
